{
	"name": "bibliotk-ui",
	"version": "0.1.0",
	"lockfileVersion": 3,
	"requires": true,
	"packages": {
		"": {
			"name": "bibliotk-ui",
			"version": "0.1.0",
			"devDependencies": {
				"@biomejs/biome": "2.5.12"
			},
			"peerDependencies": {
				"@phosphor-icons/react": "^2.1.10",
				"react": "^19.2.0",
				"react-dom": "^19.2.0",
				"react-router-dom": "^7.18.0",
				"tailwindcss": "^4.3.0"
			}
		},
		"node_modules/@biomejs/biome": {
			"version": "2.5.12",
			"resolved": "https://registry.npmjs.org/@biomejs/biome/-/biome-2.5.12.tgz",
			"integrity": "sha512-Lw4VHZRebrReBBnlHa12JQjnIBm3JJAA55PDB9LbBVBF0q4RYphm6KfmIjqtPhf61MxZ5Q9KoK8R8x+7per5Aw==",
			"dev": true,
			"license": "MIT OR Apache-2.0",
			"bin": {
				"biome": "bin/biome"
			},
			"engines": {
				"node": ">=14.21.3"
			},
			"funding": {
				"type": "opencollective",
				"url": "https://opencollective.com/biome"
			},
			"optionalDependencies": {
				"@biomejs/cli-darwin-arm64": "2.5.12",
				"@biomejs/cli-darwin-x64": "2.5.12",
				"@biomejs/cli-linux-arm64": "2.5.12",
				"@biomejs/cli-linux-arm64-musl": "2.5.12",
				"@biomejs/cli-linux-x64": "2.5.12",
				"@biomejs/cli-linux-x64-musl": "2.5.12",
				"@biomejs/cli-win32-arm64": "2.5.12",
				"@biomejs/cli-win32-x64": "2.5.12"
			}
		},
		"node_modules/@biomejs/cli-darwin-arm64": {
			"version": "2.5.12",
			"resolved": "https://registry.npmjs.org/@biomejs/cli-darwin-arm64/-/cli-darwin-arm64-2.5.12.tgz",
			"integrity": "sha512-lCRY1rwgNeWNgTr4DI/u6ZwXTRwRLHAvbaio1YLLGS+4r1nhvB2ssyPqIpfUSmRveNfv0fn/N58C7CAdK2XVrg==",
			"cpu": [
				"arm64"
			],
			"dev": true,
			"license": "MIT OR Apache-2.0",
			"optional": true,
			"os": [
				"darwin"
			],
			"engines": {
				"node": ">=14.21.3"
			}
		},
		"node_modules/@biomejs/cli-darwin-x64": {
			"version": "2.5.12",
			"resolved": "https://registry.npmjs.org/@biomejs/cli-darwin-x64/-/cli-darwin-x64-2.5.12.tgz",
			"integrity": "sha512-vhPgwnh+6tN3ArdAXuET99xaNbFt7CG82Bqn+omHVLC5xdVx45JsYjGPmUIGNzjDek5XdNCP1HKksK7fn8+3bQ==",
			"cpu": [
				"x64"
			],
			"dev": true,
			"license": "MIT OR Apache-2.0",
			"optional": true,
			"os": [
				"darwin"
			],
			"engines": {
				"node": ">=14.21.3"
			}
		},
		"node_modules/@biomejs/cli-linux-arm64": {
			"version": "2.5.12",
			"resolved": "https://registry.npmjs.org/@biomejs/cli-linux-arm64/-/cli-linux-arm64-2.5.12.tgz",
			"integrity": "sha512-2gp8aVwXYKdAtmBfRFCUuyDMcfN1ahHqUkGfLYrZlNRFmryMATLVvJgWKvyA8wu4Rwn5OSxM1UcUmOuOFNGeBQ==",
			"cpu": [
				"arm64"
			],
			"dev": true,
			"libc": [
				"glibc"
			],
			"license": "MIT OR Apache-2.0",
			"optional": true,
			"os": [
				"linux"
			],
			"engines": {
				"node": ">=14.21.3"
			}
		},
		"node_modules/@biomejs/cli-linux-arm64-musl": {
			"version": "2.5.12",
			"resolved": "https://registry.npmjs.org/@biomejs/cli-linux-arm64-musl/-/cli-linux-arm64-musl-2.5.12.tgz",
			"integrity": "sha512-couHYjFLL5uuI8ne6zhT7KwEsXo5YP7ry/2xmEqah7qanu0YmfDi3mwJg47YXSuv/NpZj22CZzcRH/5c4gjPSQ==",
			"cpu": [
				"arm64"
			],
			"dev": true,
			"libc": [
				"musl"
			],
			"license": "MIT OR Apache-2.0",
			"optional": true,
			"os": [
				"linux"
			],
			"engines": {
				"node": ">=14.21.3"
			}
		},
		"node_modules/@biomejs/cli-linux-x64": {
			"version": "2.5.12",
			"resolved": "https://registry.npmjs.org/@biomejs/cli-linux-x64/-/cli-linux-x64-2.5.12.tgz",
			"integrity": "sha512-SnvOs3TSTiuia4SQOUNe1aWC9RT4+YkjcKnOhL/nsKOV0k5ycgBkDzF0lUxKn1V7Q8CLTRq6iV23ZAivHomRoA==",
			"cpu": [
				"x64"
			],
			"dev": true,
			"libc": [
				"glibc"
			],
			"license": "MIT OR Apache-2.0",
			"optional": true,
			"os": [
				"linux"
			],
			"engines": {
				"node": ">=14.21.3"
			}
		},
		"node_modules/@biomejs/cli-linux-x64-musl": {
			"version": "2.5.12",
			"resolved": "https://registry.npmjs.org/@biomejs/cli-linux-x64-musl/-/cli-linux-x64-musl-2.5.12.tgz",
			"integrity": "sha512-8A0oDW58/w9f/PQNYuq0sGUZtGtGrkNF4Z6n0PUoXpLCshi85vtKTv1XSznQawhdE4MXJ8ufpzHXyLFe87M/+w==",
			"cpu": [
				"x64"
			],
			"dev": true,
			"libc": [
				"musl"
			],
			"license": "MIT OR Apache-2.0",
			"optional": true,
			"os": [
				"linux"
			],
			"engines": {
				"node": ">=14.21.3"
			}
		},
		"node_modules/@biomejs/cli-win32-arm64": {
			"version": "2.5.12",
			"resolved": "https://registry.npmjs.org/@biomejs/cli-win32-arm64/-/cli-win32-arm64-2.5.12.tgz",
			"integrity": "sha512-b9vtoZFsuZt1pdjNwJvXl0f+BpayRzV008uS2+JpmwIKdSE2qdu4A/l04FESwLoou5g2E/Qlec0xwJydZplH+A==",
			"cpu": [
				"arm64"
			],
			"dev": true,
			"license": "MIT OR Apache-2.0",
			"optional": true,
			"os": [
				"win32"
			],
			"engines": {
				"node": ">=14.21.3"
			}
		},
		"node_modules/@biomejs/cli-win32-x64": {
			"version": "2.5.12",
			"resolved": "https://registry.npmjs.org/@biomejs/cli-win32-x64/-/cli-win32-x64-2.5.12.tgz",
			"integrity": "sha512-B1R/l+CwEpKFSuqiwePzPNRk1EiJN8kc0UhdafNz6MZN9v5OFP9HYP1irptvWzHrwVI4blVNGMbxc5zt70m3IA==",
			"cpu": [
				"x64"
			],
			"dev": true,
			"license": "MIT OR Apache-2.0",
			"optional": true,
			"os": [
				"win32"
			],
			"engines": {
				"node": ">=14.21.3"
			}
		},
		"node_modules/@phosphor-icons/react": {
			"version": "2.1.10",
			"resolved": "https://registry.npmjs.org/@phosphor-icons/react/-/react-2.1.10.tgz",
			"integrity": "sha512-vt8Tvq8GLjheAZZYa+YG/pW7HDbov8El/MANW8pOAz4eGxrwhnbfrQZq0Cp4q8zBEu8NIhHdnr+r8thnfRSNYA==",
			"license": "MIT",
			"peer": true,
			"engines": {
				"node": ">=10"
			},
			"peerDependencies": {
				"react": ">= 16.8",
				"react-dom": ">= 16.8"
			}
		},
		"node_modules/cookie": {
			"version": "1.1.1",
			"resolved": "https://registry.npmjs.org/cookie/-/cookie-1.1.1.tgz",
			"integrity": "sha512-ei8Aos7ja0weRpFzJnEA9UHJ/7XQmqglbRwnf2ATjcB9Wq874VKH9kfjjirM6UhU2/E5fFYadylyhFldcqSidQ==",
			"license": "MIT",
			"peer": true,
			"engines": {
				"node": ">=18"
			},
			"funding": {
				"type": "opencollective",
				"url": "https://opencollective.com/express"
			}
		},
		"node_modules/react": {
			"version": "19.3.0",
			"resolved": "https://registry.npmjs.org/react/-/react-19.3.0.tgz",
			"integrity": "sha512-E8LUcbtBWt20bbl2YoHfx4ZDBdxVTfOKtCZn9cDSJ4l6/nuoApcpIBcj47t2wZoVX8g2ZHuMHbiShgCR1T5Sog==",
			"license": "MIT",
			"peer": true,
			"engines": {
				"node": ">=0.10.0"
			}
		},
		"node_modules/react-dom": {
			"version": "19.3.0",
			"resolved": "https://registry.npmjs.org/react-dom/-/react-dom-19.3.0.tgz",
			"integrity": "sha512-JDk8dgif51OjFoDE70+OT9ICyYr+69HlmihNwp1+Nsfbna3t5sIiCa9ZJktDmQ4/1b/rn26hIAR2uYXDMr5r0Q==",
			"license": "MIT",
			"peer": true,
			"dependencies": {
				"scheduler": "^0.28.0"
			},
			"peerDependencies": {
				"react": "^19.3.0"
			}
		},
		"node_modules/react-router": {
			"version": "7.18.4",
			"resolved": "https://registry.npmjs.org/react-router/-/react-router-7.18.4.tgz",
			"integrity": "sha512-PUPQcMhMGRAslLcvtlPz/kmzBEWPhLdgLFrL7pLNepBL6dX0lWj4WD2cUYVgYCuT3jxvghYFg81cDTj44DhetQ==",
			"license": "MIT",
			"peer": true,
			"dependencies": {
				"cookie": "^1.0.1",
				"set-cookie-parser": "^2.6.0"
			},
			"engines": {
				"node": ">=20.0.0"
			},
			"peerDependencies": {
				"react": ">=18",
				"react-dom": ">=18"
			},
			"peerDependenciesMeta": {
				"react-dom": {
					"optional": true
				}
			}
		},
		"node_modules/react-router-dom": {
			"version": "7.18.4",
			"resolved": "https://registry.npmjs.org/react-router-dom/-/react-router-dom-7.18.4.tgz",
			"integrity": "sha512-yrfmJHIpDG7taCpqKjT1G5B6q3O2K+RN8/fgNf0lTjCwiPbQ0ei6vXX9ZjQR+7ld8Tr7Z5xmyMnZ8YJrphWQUw==",
			"license": "MIT",
			"peer": true,
			"dependencies": {
				"react-router": "7.18.4"
			},
			"engines": {
				"node": ">=20.0.0"
			},
			"peerDependencies": {
				"react": ">=18",
				"react-dom": ">=18"
			}
		},
		"node_modules/scheduler": {
			"version": "0.28.0",
			"resolved": "https://registry.npmjs.org/scheduler/-/scheduler-0.28.0.tgz",
			"integrity": "sha512-juorfCmIkIw8tT+p5BXSm6PJjQF/ycEYmKyzURCIt/RaZIhL+PulbQ9Yu2z1HdOJDdqDTlxA1+xKBmHXJsczAw==",
			"license": "MIT",
			"peer": true
		},
		"node_modules/set-cookie-parser": {
			"version": "2.7.2",
			"resolved": "https://registry.npmjs.org/set-cookie-parser/-/set-cookie-parser-2.7.2.tgz",
			"integrity": "sha512-oeM1lpU/UvhTxw+g3cIfxXHyJRc/uidd3yK1P242gzHds0udQBYzs3y8j4gCCW+ZJ7ad0yctld8RYO+bdurlvw==",
			"license": "MIT",
			"peer": true
		},
		"node_modules/tailwindcss": {
			"version": "4.3.3",
			"resolved": "https://registry.npmjs.org/tailwindcss/-/tailwindcss-4.3.3.tgz",
			"integrity": "sha512-gOhV3P7ufE62QDGg1zVaTgCR+EtPv92k2nIhVcVKcLmxT1sUBsQGhnZj175j+MqRt4zLF7ic+sCYjfhxMxj7YQ==",
			"license": "MIT",
			"peer": true
		}
	}
}
